
Microsoft Visual Studio Solution File, Format Version 12.00
# Visual Studio Version 17
VisualStudioVersion = 17.6.33801.468
MinimumVisualStudioVersion = 10.0.40219.1
Project("{FAE04EC0-301F-11D3-BF4B-00C04F79EFBC}") = "GrpcServerSK", "GrpcServerSK\GrpcServerSK.csproj", "{AB987457-B37E-4560-9560-7FB4E4C3A4C0}"
EndProject
Global
	GlobalSection(SolutionConfigurationPlatforms) = preSolution
		Debug|Any CPU = Debug|Any CPU
		Release|Any CPU = Release|Any CPU
	EndGlobalSection
	GlobalSection(ProjectConfigurationPlatforms) = postSolution
		{AB987457-B37E-4560-9560-7FB4E4C3A4C0}.Debug|Any CPU.ActiveCfg = Debug|Any CPU
		{AB987457-B37E-4560-9560-7FB4E4C3A4C0}.Debug|Any CPU.Build.0 = Debug|Any CPU
		{AB987457-B37E-4560-9560-7FB4E4C3A4C0}.Release|Any CPU.ActiveCfg = Release|Any CPU
		{AB987457-B37E-4560-9560-7FB4E4C3A4C0}.Release|Any CPU.Build.0 = Release|Any CPU
	EndGlobalSection
	GlobalSection(SolutionProperties) = preSolution
		HideSolutionNode = FALSE
	EndGlobalSection
	GlobalSection(ExtensibilityGlobals) = postSolution
		SolutionGuid = {6E5F9B5F-B14C-4371-9A7D-D932A62809C6}
	EndGlobalSection
EndGlobal
