
Microsoft Visual Studio Solution File, Format Version 12.00
# Visual Studio Version 17
VisualStudioVersion = 17.1.32407.343
MinimumVisualStudioVersion = 10.0.40219.1
Project("{FAE04EC0-301F-11D3-BF4B-00C04F79EFBC}") = "GrpcGreeterClient", "GrpcGreeterClient\GrpcGreeterClient.csproj", "{DACD296A-D234-48F4-9895-2DEB319D0F6A}"
EndProject
Global
	GlobalSection(SolutionConfigurationPlatforms) = preSolution
		Debug|Any CPU = Debug|Any CPU
		Release|Any CPU = Release|Any CPU
	EndGlobalSection
	GlobalSection(ProjectConfigurationPlatforms) = postSolution
		{DACD296A-D234-48F4-9895-2DEB319D0F6A}.Debug|Any CPU.ActiveCfg = Debug|Any CPU
		{DACD296A-D234-48F4-9895-2DEB319D0F6A}.Debug|Any CPU.Build.0 = Debug|Any CPU
		{DACD296A-D234-48F4-9895-2DEB319D0F6A}.Release|Any CPU.ActiveCfg = Release|Any CPU
		{DACD296A-D234-48F4-9895-2DEB319D0F6A}.Release|Any CPU.Build.0 = Release|Any CPU
	EndGlobalSection
	GlobalSection(SolutionProperties) = preSolution
		HideSolutionNode = FALSE
	EndGlobalSection
	GlobalSection(ExtensibilityGlobals) = postSolution
		SolutionGuid = {F5BC8937-3FA2-4F84-BCCC-291A3ABF5DA9}
	EndGlobalSection
EndGlobal
