
Microsoft Visual Studio Solution File, Format Version 12.00
# Visual Studio Version 17
VisualStudioVersion = 17.8.34408.163
MinimumVisualStudioVersion = 10.0.40219.1
Project("{FAE04EC0-301F-11D3-BF4B-00C04F79EFBC}") = "GrpcServiceWin", "GrpcServiceWin\GrpcServiceWin.csproj", "{7C1C8B81-6713-4EBD-9073-23D854054EF7}"
EndProject
Global
	GlobalSection(SolutionConfigurationPlatforms) = preSolution
		Debug|Any CPU = Debug|Any CPU
		Release|Any CPU = Release|Any CPU
	EndGlobalSection
	GlobalSection(ProjectConfigurationPlatforms) = postSolution
		{7C1C8B81-6713-4EBD-9073-23D854054EF7}.Debug|Any CPU.ActiveCfg = Debug|Any CPU
		{7C1C8B81-6713-4EBD-9073-23D854054EF7}.Debug|Any CPU.Build.0 = Debug|Any CPU
		{7C1C8B81-6713-4EBD-9073-23D854054EF7}.Release|Any CPU.ActiveCfg = Release|Any CPU
		{7C1C8B81-6713-4EBD-9073-23D854054EF7}.Release|Any CPU.Build.0 = Release|Any CPU
	EndGlobalSection
	GlobalSection(SolutionProperties) = preSolution
		HideSolutionNode = FALSE
	EndGlobalSection
	GlobalSection(ExtensibilityGlobals) = postSolution
		SolutionGuid = {851C169F-8C48-4C77-A8CE-1B0184982615}
	EndGlobalSection
EndGlobal
