
Microsoft Visual Studio Solution File, Format Version 12.00
# Visual Studio Version 17
VisualStudioVersion = 17.5.33516.290
MinimumVisualStudioVersion = 10.0.40219.1
Project("{FAE04EC0-301F-11D3-BF4B-00C04F79EFBC}") = "GrpcService", "GrpcService\GrpcService.csproj", "{562CA19C-49D4-4C21-A77C-24F705BCCBC7}"
EndProject
Global
	GlobalSection(SolutionConfigurationPlatforms) = preSolution
		Debug|Any CPU = Debug|Any CPU
		Release|Any CPU = Release|Any CPU
	EndGlobalSection
	GlobalSection(ProjectConfigurationPlatforms) = postSolution
		{562CA19C-49D4-4C21-A77C-24F705BCCBC7}.Debug|Any CPU.ActiveCfg = Debug|Any CPU
		{562CA19C-49D4-4C21-A77C-24F705BCCBC7}.Debug|Any CPU.Build.0 = Debug|Any CPU
		{562CA19C-49D4-4C21-A77C-24F705BCCBC7}.Release|Any CPU.ActiveCfg = Release|Any CPU
		{562CA19C-49D4-4C21-A77C-24F705BCCBC7}.Release|Any CPU.Build.0 = Release|Any CPU
	EndGlobalSection
	GlobalSection(SolutionProperties) = preSolution
		HideSolutionNode = FALSE
	EndGlobalSection
	GlobalSection(ExtensibilityGlobals) = postSolution
		SolutionGuid = {34F78313-D81E-4986-BD69-55DC240482A0}
	EndGlobalSection
EndGlobal
