
Microsoft Visual Studio Solution File, Format Version 12.00
# Visual Studio Version 17
VisualStudioVersion = 17.2.32505.173
MinimumVisualStudioVersion = 10.0.40219.1
Project("{FAE04EC0-301F-11D3-BF4B-00C04F79EFBC}") = "GrpcGreeterServer", "GrpcGreeterServer\GrpcGreeterServer.csproj", "{D112C943-B94C-40C5-A388-8E3B66A0F7DC}"
EndProject
Global
	GlobalSection(SolutionConfigurationPlatforms) = preSolution
		Debug|Any CPU = Debug|Any CPU
		Release|Any CPU = Release|Any CPU
	EndGlobalSection
	GlobalSection(ProjectConfigurationPlatforms) = postSolution
		{D112C943-B94C-40C5-A388-8E3B66A0F7DC}.Debug|Any CPU.ActiveCfg = Debug|Any CPU
		{D112C943-B94C-40C5-A388-8E3B66A0F7DC}.Debug|Any CPU.Build.0 = Debug|Any CPU
		{D112C943-B94C-40C5-A388-8E3B66A0F7DC}.Release|Any CPU.ActiveCfg = Release|Any CPU
		{D112C943-B94C-40C5-A388-8E3B66A0F7DC}.Release|Any CPU.Build.0 = Release|Any CPU
	EndGlobalSection
	GlobalSection(SolutionProperties) = preSolution
		HideSolutionNode = FALSE
	EndGlobalSection
	GlobalSection(ExtensibilityGlobals) = postSolution
		SolutionGuid = {E983905E-90AA-41D6-BC14-0DC6F9734ECF}
	EndGlobalSection
EndGlobal
